
Microsoft Visual Studio Solution File, Format Version 12.00
# Visual Studio Version 16
VisualStudioVersion = 16.0.29613.14
MinimumVisualStudioVersion = 10.0.40219.1
Project("{FAE04EC0-301F-11D3-BF4B-00C04F79EFBC}") = "Hackatown2020", "Hackatown2020\Hackatown2020.csproj", "{930AF50F-3007-4CA5-A0C9-9E13A3EEDF54}"
EndProject
Global
	GlobalSection(SolutionConfigurationPlatforms) = preSolution
		Debug|Any CPU = Debug|Any CPU
		Release|Any CPU = Release|Any CPU
	EndGlobalSection
	GlobalSection(ProjectConfigurationPlatforms) = postSolution
		{930AF50F-3007-4CA5-A0C9-9E13A3EEDF54}.Debug|Any CPU.ActiveCfg = Debug|Any CPU
		{930AF50F-3007-4CA5-A0C9-9E13A3EEDF54}.Debug|Any CPU.Build.0 = Debug|Any CPU
		{930AF50F-3007-4CA5-A0C9-9E13A3EEDF54}.Release|Any CPU.ActiveCfg = Release|Any CPU
		{930AF50F-3007-4CA5-A0C9-9E13A3EEDF54}.Release|Any CPU.Build.0 = Release|Any CPU
	EndGlobalSection
	GlobalSection(SolutionProperties) = preSolution
		HideSolutionNode = FALSE
	EndGlobalSection
	GlobalSection(ExtensibilityGlobals) = postSolution
		SolutionGuid = {3CE221C2-83D0-4A94-B699-172B423C66C2}
	EndGlobalSection
EndGlobal
